
Microsoft Visual Studio Solution File, Format Version 12.00
# Visual Studio Version 17
VisualStudioVersion = 17.0.32014.148
MinimumVisualStudioVersion = 10.0.40219.1
Project("{FAE04EC0-301F-11D3-BF4B-00C04F79EFBC}") = "Stock_Market_1", "Stock_Market_1\Stock_Market_1.csproj", "{E1F07465-BCF4-474B-B444-ED2CBFECE3CF}"
EndProject
Global
	GlobalSection(SolutionConfigurationPlatforms) = preSolution
		Debug|Any CPU = Debug|Any CPU
		Release|Any CPU = Release|Any CPU
	EndGlobalSection
	GlobalSection(ProjectConfigurationPlatforms) = postSolution
		{E1F07465-BCF4-474B-B444-ED2CBFECE3CF}.Debug|Any CPU.ActiveCfg = Debug|Any CPU
		{E1F07465-BCF4-474B-B444-ED2CBFECE3CF}.Debug|Any CPU.Build.0 = Debug|Any CPU
		{E1F07465-BCF4-474B-B444-ED2CBFECE3CF}.Release|Any CPU.ActiveCfg = Release|Any CPU
		{E1F07465-BCF4-474B-B444-ED2CBFECE3CF}.Release|Any CPU.Build.0 = Release|Any CPU
	EndGlobalSection
	GlobalSection(SolutionProperties) = preSolution
		HideSolutionNode = FALSE
	EndGlobalSection
	GlobalSection(ExtensibilityGlobals) = postSolution
		SolutionGuid = {5AA969BD-C9E9-4930-8B47-DF76FA073C1A}
	EndGlobalSection
EndGlobal
